// !$*UTF8*$!
{
	archiveVersion = 1;
	classes = {
	};
	objectVersion = 77;
	objects = {

/* Begin PBXContainerItemProxy section */
		2FC7F1662DF1CA3700A3C50F /* PBXContainerItemProxy */ = {
			isa = PBXContainerItemProxy;
			containerPortal = 2FC7F1502DF1CA3600A3C50F /* Project object */;
			proxyType = 1;
			remoteGlobalIDString = 2FC7F1572DF1CA3600A3C50F;
			remoteInfo = campusNavigationApp;
		};
		2FC7F1702DF1CA3700A3C50F /* PBXContainerItemProxy */ = {
			isa = PBXContainerItemProxy;
			containerPortal = 2FC7F1502DF1CA3600A3C50F /* Project object */;
			proxyType = 1;
			remoteGlobalIDString = 2FC7F1572DF1CA3600A3C50F;
			remoteInfo = campusNavigationApp;
		};
/* End PBXContainerItemProxy section */

/* Begin PBXFileReference section */
		2FC7F1582DF1CA3600A3C50F /* campusNavigationApp.app */ = {isa = PBXFileReference; explicitFileType = wrapper.application; includeInIndex = 0; path = campusNavigationApp.app; sourceTree = BUILT_PRODUCTS_DIR; };
		2FC7F1652DF1CA3700A3C50F /* campusNavigationAppTests.xctest */ = {isa = PBXFileReference; explicitFileType = wrapper.cfbundle; includeInIndex = 0; path = campusNavigationAppTests.xctest; sourceTree = BUILT_PRODUCTS_DIR; };
		2FC7F16F2DF1CA3700A3C50F /* campusNavigationAppUITests.xctest */ = {isa = PBXFileReference; explicitFileType = wrapper.cfbundle; includeInIndex = 0; path = campusNavigationAppUITests.xctest; sourceTree = BUILT_PRODUCTS_DIR; };
/* End PBXFileReference section */

/* Begin PBXFileSystemSynchronizedRootGroup section */
		2FC7F15A2DF1CA3600A3C50F /* campusNavigationApp */ = {
			isa = PBXFileSystemSynchronizedRootGroup;
			path = campusNavigationApp;
			sourceTree = "<group>";
		};
		2FC7F1682DF1CA3700A3C50F /* campusNavigationAppTests */ = {
			isa = PBXFileSystemSynchronizedRootGroup;
			path = campusNavigationAppTests;
			sourceTree = "<group>";
		};
		2FC7F1722DF1CA3700A3C50F /* campusNavigationAppUITests */ = {
			isa = PBXFileSystemSynchronizedRootGroup;
			path = campusNavigationAppUITests;
			sourceTree = "<group>";
		};
/* End PBXFileSystemSynchronizedRootGroup section */

/* Begin PBXFrameworksBuildPhase section */
		2FC7F1552DF1CA3600A3C50F /* Frameworks */ = {
			isa = PBXFrameworksBuildPhase;
			buildActionMask = 2147483647;
			files = (
			);
			runOnlyForDeploymentPostprocessing = 0;
		};
		2FC7F1622DF1CA3700A3C50F /* Frameworks */ = {
			isa = PBXFrameworksBuildPhase;
			buildActionMask = 2147483647;
			files = (
			);
			runOnlyForDeploymentPostprocessing = 0;
		};
		2FC7F16C2DF1CA3700A3C50F /* Frameworks */ = {
			isa = PBXFrameworksBuildPhase;
			buildActionMask = 2147483647;
			files = (
			);
			runOnlyForDeploymentPostprocessing = 0;
		};
/* End PBXFrameworksBuildPhase section */

/* Begin PBXGroup section */
		2FC7F14F2DF1CA3600A3C50F = {
			isa = PBXGroup;
			children = (
				2FC7F15A2DF1CA3600A3C50F /* campusNavigationApp */,
				2FC7F1682DF1CA3700A3C50F /* campusNavigationAppTests */,
				2FC7F1722DF1CA3700A3C50F /* campusNavigationAppUITests */,
				2FC7F1592DF1CA3600A3C50F /* Products */,
			);
			sourceTree = "<group>";
		};
		2FC7F1592DF1CA3600A3C50F /* Products */ = {
			isa = PBXGroup;
			children = (
				2FC7F1582DF1CA3600A3C50F /* campusNavigationApp.app */,
				2FC7F1652DF1CA3700A3C50F /* campusNavigationAppTests.xctest */,
				2FC7F16F2DF1CA3700A3C50F /* campusNavigationAppUITests.xctest */,
			);
			name = Products;
			sourceTree = "<group>";
		};
/* End PBXGroup section */

/* Begin PBXNativeTarget section */
		2FC7F1572DF1CA3600A3C50F /* campusNavigationApp */ = {
			isa = PBXNativeTarget;
			buildConfigurationList = 2FC7F1792DF1CA3700A3C50F /* Build configuration list for PBXNativeTarget "campusNavigationApp" */;
			buildPhases = (
				2FC7F1542DF1CA3600A3C50F /* Sources */,
				2FC7F1552DF1CA3600A3C50F /* Frameworks */,
				2FC7F1562DF1CA3600A3C50F /* Resources */,
			);
			buildRules = (
			);
			dependencies = (
			);
			fileSystemSynchronizedGroups = (
				2FC7F15A2DF1CA3600A3C50F /* campusNavigationApp */,
			);
			name = campusNavigationApp;
			packageProductDependencies = (
			);
			productName = campusNavigationApp;
			productReference = 2FC7F1582DF1CA3600A3C50F /* campusNavigationApp.app */;
			productType = "com.apple.product-type.application";
		};
		2FC7F1642DF1CA3700A3C50F /* campusNavigationAppTests */ = {
			isa = PBXNativeTarget;
			buildConfigurationList = 2FC7F17C2DF1CA3700A3C50F /* Build configuration list for PBXNativeTarget "campusNavigationAppTests" */;
			buildPhases = (
				2FC7F1612DF1CA3700A3C50F /* Sources */,
				2FC7F1622DF1CA3700A3C50F /* Frameworks */,
				2FC7F1632DF1CA3700A3C50F /* Resources */,
			);
			buildRules = (
			);
			dependencies = (
				2FC7F1672DF1CA3700A3C50F /* PBXTargetDependency */,
			);
			fileSystemSynchronizedGroups = (
				2FC7F1682DF1CA3700A3C50F /* campusNavigationAppTests */,
			);
			name = campusNavigationAppTests;
			packageProductDependencies = (
			);
			productName = campusNavigationAppTests;
			productReference = 2FC7F1652DF1CA3700A3C50F /* campusNavigationAppTests.xctest */;
			productType = "com.apple.product-type.bundle.unit-test";
		};
		2FC7F16E2DF1CA3700A3C50F /* campusNavigationAppUITests */ = {
			isa = PBXNativeTarget;
			buildConfigurationList = 2FC7F17F2DF1CA3700A3C50F /* Build configuration list for PBXNativeTarget "campusNavigationAppUITests" */;
			buildPhases = (
				2FC7F16B2DF1CA3700A3C50F /* Sources */,
				2FC7F16C2DF1CA3700A3C50F /* Frameworks */,
				2FC7F16D2DF1CA3700A3C50F /* Resources */,
			);
			buildRules = (
			);
			dependencies = (
				2FC7F1712DF1CA3700A3C50F /* PBXTargetDependency */,
			);
			fileSystemSynchronizedGroups = (
				2FC7F1722DF1CA3700A3C50F /* campusNavigationAppUITests */,
			);
			name = campusNavigationAppUITests;
			packageProductDependencies = (
			);
			productName = campusNavigationAppUITests;
			productReference = 2FC7F16F2DF1CA3700A3C50F /* campusNavigationAppUITests.xctest */;
			productType = "com.apple.product-type.bundle.ui-testing";
		};
/* End PBXNativeTarget section */

/* Begin PBXProject section */
		2FC7F1502DF1CA3600A3C50F /* Project object */ = {
			isa = PBXProject;
			attributes = {
				BuildIndependentTargetsInParallel = 1;
				LastSwiftUpdateCheck = 1630;
				LastUpgradeCheck = 1630;
				TargetAttributes = {
					2FC7F1572DF1CA3600A3C50F = {
						CreatedOnToolsVersion = 16.3;
					};
					2FC7F1642DF1CA3700A3C50F = {
						CreatedOnToolsVersion = 16.3;
						TestTargetID = 2FC7F1572DF1CA3600A3C50F;
					};
					2FC7F16E2DF1CA3700A3C50F = {
						CreatedOnToolsVersion = 16.3;
						TestTargetID = 2FC7F1572DF1CA3600A3C50F;
					};
				};
			};
			buildConfigurationList = 2FC7F1532DF1CA3600A3C50F /* Build configuration list for PBXProject "campusNavigationApp" */;
			developmentRegion = en;
			hasScannedForEncodings = 0;
			knownRegions = (
				en,
				Base,
			);
			mainGroup = 2FC7F14F2DF1CA3600A3C50F;
			minimizedProjectReferenceProxies = 1;
			preferredProjectObjectVersion = 77;
			productRefGroup = 2FC7F1592DF1CA3600A3C50F /* Products */;
			projectDirPath = "";
			projectRoot = "";
			targets = (
				2FC7F1572DF1CA3600A3C50F /* campusNavigationApp */,
				2FC7F1642DF1CA3700A3C50F /* campusNavigationAppTests */,
				2FC7F16E2DF1CA3700A3C50F /* campusNavigationAppUITests */,
			);
		};
/* End PBXProject section */

/* Begin PBXResourcesBuildPhase section */
		2FC7F1562DF1CA3600A3C50F /* Resources */ = {
			isa = PBXResourcesBuildPhase;
			buildActionMask = 2147483647;
			files = (
			);
			runOnlyForDeploymentPostprocessing = 0;
		};
		2FC7F1632DF1CA3700A3C50F /* Resources */ = {
			isa = PBXResourcesBuildPhase;
			buildActionMask = 2147483647;
			files = (
			);
			runOnlyForDeploymentPostprocessing = 0;
		};
		2FC7F16D2DF1CA3700A3C50F /* Resources */ = {
			isa = PBXResourcesBuildPhase;
			buildActionMask = 2147483647;
			files = (
			);
			runOnlyForDeploymentPostprocessing = 0;
		};
/* End PBXResourcesBuildPhase section */

/* Begin PBXSourcesBuildPhase section */
		2FC7F1542DF1CA3600A3C50F /* Sources */ = {
			isa = PBXSourcesBuildPhase;
			buildActionMask = 2147483647;
			files = (
			);
			runOnlyForDeploymentPostprocessing = 0;
		};
		2FC7F1612DF1CA3700A3C50F /* Sources */ = {
			isa = PBXSourcesBuildPhase;
			buildActionMask = 2147483647;
			files = (
			);
			runOnlyForDeploymentPostprocessing = 0;
		};
		2FC7F16B2DF1CA3700A3C50F /* Sources */ = {
			isa = PBXSourcesBuildPhase;
			buildActionMask = 2147483647;
			files = (
			);
			runOnlyForDeploymentPostprocessing = 0;
		};
/* End PBXSourcesBuildPhase section */

/* Begin PBXTargetDependency section */
		2FC7F1672DF1CA3700A3C50F /* PBXTargetDependency */ = {
			isa = PBXTargetDependency;
			target = 2FC7F1572DF1CA3600A3C50F /* campusNavigationApp */;
			targetProxy = 2FC7F1662DF1CA3700A3C50F /* PBXContainerItemProxy */;
		};
		2FC7F1712DF1CA3700A3C50F /* PBXTargetDependency */ = {
			isa = PBXTargetDependency;
			target = 2FC7F1572DF1CA3600A3C50F /* campusNavigationApp */;
			targetProxy = 2FC7F1702DF1CA3700A3C50F /* PBXContainerItemProxy */;
		};
/* End PBXTargetDependency section */

/* Begin XCBuildConfiguration section */
		2FC7F1772DF1CA3700A3C50F /* Debug */ = {
			isa = XCBuildConfiguration;
			buildSettings = {
				ALWAYS_SEARCH_USER_PATHS = NO;
				ASSETCATALOG_COMPILER_GENERATE_SWIFT_ASSET_SYMBOL_EXTENSIONS = YES;
				CLANG_ANALYZER_NONNULL = YES;
				CLANG_ANALYZER_NUMBER_OBJECT_CONVERSION = YES_AGGRESSIVE;
				CLANG_CXX_LANGUAGE_STANDARD = "gnu++20";
				CLANG_ENABLE_MODULES = YES;
				CLANG_ENABLE_OBJC_ARC = YES;
				CLANG_ENABLE_OBJC_WEAK = YES;
				CLANG_WARN_BLOCK_CAPTURE_AUTORELEASING = YES;
				CLANG_WARN_BOOL_CONVERSION = YES;
				CLANG_WARN_COMMA = YES;
				CLANG_WARN_CONSTANT_CONVERSION = YES;
				CLANG_WARN_DEPRECATED_OBJC_IMPLEMENTATIONS = YES;
				CLANG_WARN_DIRECT_OBJC_ISA_USAGE = YES_ERROR;
				CLANG_WARN_DOCUMENTATION_COMMENTS = YES;
				CLANG_WARN_EMPTY_BODY = YES;
				CLANG_WARN_ENUM_CONVERSION = YES;
				CLANG_WARN_INFINITE_RECURSION = YES;
				CLANG_WARN_INT_CONVERSION = YES;
				CLANG_WARN_NON_LITERAL_NULL_CONVERSION = YES;
				CLANG_WARN_OBJC_IMPLICIT_RETAIN_SELF = YES;
				CLANG_WARN_OBJC_LITERAL_CONVERSION = YES;
				CLANG_WARN_OBJC_ROOT_CLASS = YES_ERROR;
				CLANG_WARN_QUOTED_INCLUDE_IN_FRAMEWORK_HEADER = YES;
				CLANG_WARN_RANGE_LOOP_ANALYSIS = YES;
				CLANG_WARN_STRICT_PROTOTYPES = YES;
				CLANG_WARN_SUSPICIOUS_MOVE = YES;
				CLANG_WARN_UNGUARDED_AVAILABILITY = YES_AGGRESSIVE;
				CLANG_WARN_UNREACHABLE_CODE = YES;
				CLANG_WARN__DUPLICATE_METHOD_MATCH = YES;
				COPY_PHASE_STRIP = NO;
				DEBUG_INFORMATION_FORMAT = dwarf;
				ENABLE_STRICT_OBJC_MSGSEND = YES;
				ENABLE_TESTABILITY = YES;
				ENABLE_USER_SCRIPT_SANDBOXING = YES;
				GCC_C_LANGUAGE_STANDARD = gnu17;
				GCC_DYNAMIC_NO_PIC = NO;
				GCC_NO_COMMON_BLOCKS = YES;
				GCC_OPTIMIZATION_LEVEL = 0;
				GCC_PREPROCESSOR_DEFINITIONS = (
					"DEBUG=1",
					"$(inherited)",
				);
				GCC_WARN_64_TO_32_BIT_CONVERSION = YES;
				GCC_WARN_ABOUT_RETURN_TYPE = YES_ERROR;
				GCC_WARN_UNDECLARED_SELECTOR = YES;
				GCC_WARN_UNINITIALIZED_AUTOS = YES_AGGRESSIVE;
				GCC_WARN_UNUSED_FUNCTION = YES;
				GCC_WARN_UNUSED_VARIABLE = YES;
				IPHONEOS_DEPLOYMENT_TARGET = 18.4;
				LOCALIZATION_PREFERS_STRING_CATALOGS = YES;
				MTL_ENABLE_DEBUG_INFO = INCLUDE_SOURCE;
				MTL_FAST_MATH = YES;
				ONLY_ACTIVE_ARCH = YES;
				SDKROOT = iphoneos;
				SWIFT_ACTIVE_COMPILATION_CONDITIONS = "DEBUG $(inherited)";
				SWIFT_OPTIMIZATION_LEVEL = "-Onone";
			};
			name = Debug;
		};
		2FC7F1782DF1CA3700A3C50F /* Release */ = {
			isa = XCBuildConfiguration;
			buildSettings = {
				ALWAYS_SEARCH_USER_PATHS = NO;
				ASSETCATALOG_COMPILER_GENERATE_SWIFT_ASSET_SYMBOL_EXTENSIONS = YES;
				CLANG_ANALYZER_NONNULL = YES;
				CLANG_ANALYZER_NUMBER_OBJECT_CONVERSION = YES_AGGRESSIVE;
				CLANG_CXX_LANGUAGE_STANDARD = "gnu++20";
				CLANG_ENABLE_MODULES = YES;
				CLANG_ENABLE_OBJC_ARC = YES;
				CLANG_ENABLE_OBJC_WEAK = YES;
				CLANG_WARN_BLOCK_CAPTURE_AUTORELEASING = YES;
				CLANG_WARN_BOOL_CONVERSION = YES;
				CLANG_WARN_COMMA = YES;
				CLANG_WARN_CONSTANT_CONVERSION = YES;
				CLANG_WARN_DEPRECATED_OBJC_IMPLEMENTATIONS = YES;
				CLANG_WARN_DIRECT_OBJC_ISA_USAGE = YES_ERROR;
				CLANG_WARN_DOCUMENTATION_COMMENTS = YES;
				CLANG_WARN_EMPTY_BODY = YES;
				CLANG_WARN_ENUM_CONVERSION = YES;
				CLANG_WARN_INFINITE_RECURSION = YES;
				CLANG_WARN_INT_CONVERSION = YES;
				CLANG_WARN_NON_LITERAL_NULL_CONVERSION = YES;
				CLANG_WARN_OBJC_IMPLICIT_RETAIN_SELF = YES;
				CLANG_WARN_OBJC_LITERAL_CONVERSION = YES;
				CLANG_WARN_OBJC_ROOT_CLASS = YES_ERROR;
				CLANG_WARN_QUOTED_INCLUDE_IN_FRAMEWORK_HEADER = YES;
				CLANG_WARN_RANGE_LOOP_ANALYSIS = YES;
				CLANG_WARN_STRICT_PROTOTYPES = YES;
				CLANG_WARN_SUSPICIOUS_MOVE = YES;
				CLANG_WARN_UNGUARDED_AVAILABILITY = YES_AGGRESSIVE;
				CLANG_WARN_UNREACHABLE_CODE = YES;
				CLANG_WARN__DUPLICATE_METHOD_MATCH = YES;
				COPY_PHASE_STRIP = NO;
				DEBUG_INFORMATION_FORMAT = "dwarf-with-dsym";
				ENABLE_NS_ASSERTIONS = NO;
				ENABLE_STRICT_OBJC_MSGSEND = YES;
				ENABLE_USER_SCRIPT_SANDBOXING = YES;
				GCC_C_LANGUAGE_STANDARD = gnu17;
				GCC_NO_COMMON_BLOCKS = YES;
				GCC_WARN_64_TO_32_BIT_CONVERSION = YES;
				GCC_WARN_ABOUT_RETURN_TYPE = YES_ERROR;
				GCC_WARN_UNDECLARED_SELECTOR = YES;
				GCC_WARN_UNINITIALIZED_AUTOS = YES_AGGRESSIVE;
				GCC_WARN_UNUSED_FUNCTION = YES;
				GCC_WARN_UNUSED_VARIABLE = YES;
				IPHONEOS_DEPLOYMENT_TARGET = 18.4;
				LOCALIZATION_PREFERS_STRING_CATALOGS = YES;
				MTL_ENABLE_DEBUG_INFO = NO;
				MTL_FAST_MATH = YES;
				SDKROOT = iphoneos;
				SWIFT_COMPILATION_MODE = wholemodule;
				VALIDATE_PRODUCT = YES;
			};
			name = Release;
		};
		2FC7F17A2DF1CA3700A3C50F /* Debug */ = {
			isa = XCBuildConfiguration;
			buildSettings = {
				ASSETCATALOG_COMPILER_APPICON_NAME = AppIcon;
				ASSETCATALOG_COMPILER_GLOBAL_ACCENT_COLOR_NAME = AccentColor;
				CODE_SIGN_STYLE = Automatic;
				CURRENT_PROJECT_VERSION = 1;
				ENABLE_PREVIEWS = YES;
				GENERATE_INFOPLIST_FILE = YES;
				INFOPLIST_KEY_UIApplicationSceneManifest_Generation = YES;
				INFOPLIST_KEY_UIApplicationSupportsIndirectInputEvents = YES;
				INFOPLIST_KEY_UILaunchScreen_Generation = YES;
				INFOPLIST_KEY_UISupportedInterfaceOrientations_iPad = "UIInterfaceOrientationPortrait UIInterfaceOrientationPortraitUpsideDown UIInterfaceOrientationLandscapeLeft UIInterfaceOrientationLandscapeRight";
				INFOPLIST_KEY_UISupportedInterfaceOrientations_iPhone = "UIInterfaceOrientationPortrait UIInterfaceOrientationLandscapeLeft UIInterfaceOrientationLandscapeRight";
				IPHONEOS_DEPLOYMENT_TARGET = 18.0;
				LD_RUNPATH_SEARCH_PATHS = (
					"$(inherited)",
					"@executable_path/Frameworks",
				);
				MARKETING_VERSION = 1.0;
				PRODUCT_BUNDLE_IDENTIFIER = NIBM.campusNavigationApp;
				PRODUCT_NAME = "$(TARGET_NAME)";
				SWIFT_EMIT_LOC_STRINGS = YES;
				SWIFT_VERSION = 5.0;
				TARGETED_DEVICE_FAMILY = "1,2";
			};
			name = Debug;
		};
		2FC7F17B2DF1CA3700A3C50F /* Release */ = {
			isa = XCBuildConfiguration;
			buildSettings = {
				ASSETCATALOG_COMPILER_APPICON_NAME = AppIcon;
				ASSETCATALOG_COMPILER_GLOBAL_ACCENT_COLOR_NAME = AccentColor;
				CODE_SIGN_STYLE = Automatic;
				CURRENT_PROJECT_VERSION = 1;
				ENABLE_PREVIEWS = YES;
				GENERATE_INFOPLIST_FILE = YES;
				INFOPLIST_KEY_UIApplicationSceneManifest_Generation = YES;
				INFOPLIST_KEY_UIApplicationSupportsIndirectInputEvents = YES;
				INFOPLIST_KEY_UILaunchScreen_Generation = YES;
				INFOPLIST_KEY_UISupportedInterfaceOrientations_iPad = "UIInterfaceOrientationPortrait UIInterfaceOrientationPortraitUpsideDown UIInterfaceOrientationLandscapeLeft UIInterfaceOrientationLandscapeRight";
				INFOPLIST_KEY_UISupportedInterfaceOrientations_iPhone = "UIInterfaceOrientationPortrait UIInterfaceOrientationLandscapeLeft UIInterfaceOrientationLandscapeRight";
				IPHONEOS_DEPLOYMENT_TARGET = 18.0;
				LD_RUNPATH_SEARCH_PATHS = (
					"$(inherited)",
					"@executable_path/Frameworks",
				);
				MARKETING_VERSION = 1.0;
				PRODUCT_BUNDLE_IDENTIFIER = NIBM.campusNavigationApp;
				PRODUCT_NAME = "$(TARGET_NAME)";
				SWIFT_EMIT_LOC_STRINGS = YES;
				SWIFT_VERSION = 5.0;
				TARGETED_DEVICE_FAMILY = "1,2";
			};
			name = Release;
		};
		2FC7F17D2DF1CA3700A3C50F /* Debug */ = {
			isa = XCBuildConfiguration;
			buildSettings = {
				BUNDLE_LOADER = "$(TEST_HOST)";
				CODE_SIGN_STYLE = Automatic;
				CURRENT_PROJECT_VERSION = 1;
				GENERATE_INFOPLIST_FILE = YES;
				IPHONEOS_DEPLOYMENT_TARGET = 18.4;
				MARKETING_VERSION = 1.0;
				PRODUCT_BUNDLE_IDENTIFIER = NIBM.campusNavigationAppTests;
				PRODUCT_NAME = "$(TARGET_NAME)";
				SWIFT_EMIT_LOC_STRINGS = NO;
				SWIFT_VERSION = 5.0;
				TARGETED_DEVICE_FAMILY = "1,2";
				TEST_HOST = "$(BUILT_PRODUCTS_DIR)/campusNavigationApp.app/$(BUNDLE_EXECUTABLE_FOLDER_PATH)/campusNavigationApp";
			};
			name = Debug;
		};
		2FC7F17E2DF1CA3700A3C50F /* Release */ = {
			isa = XCBuildConfiguration;
			buildSettings = {
				BUNDLE_LOADER = "$(TEST_HOST)";
				CODE_SIGN_STYLE = Automatic;
				CURRENT_PROJECT_VERSION = 1;
				GENERATE_INFOPLIST_FILE = YES;
				IPHONEOS_DEPLOYMENT_TARGET = 18.4;
				MARKETING_VERSION = 1.0;
				PRODUCT_BUNDLE_IDENTIFIER = NIBM.campusNavigationAppTests;
				PRODUCT_NAME = "$(TARGET_NAME)";
				SWIFT_EMIT_LOC_STRINGS = NO;
				SWIFT_VERSION = 5.0;
				TARGETED_DEVICE_FAMILY = "1,2";
				TEST_HOST = "$(BUILT_PRODUCTS_DIR)/campusNavigationApp.app/$(BUNDLE_EXECUTABLE_FOLDER_PATH)/campusNavigationApp";
			};
			name = Release;
		};
		2FC7F1802DF1CA3700A3C50F /* Debug */ = {
			isa = XCBuildConfiguration;
			buildSettings = {
				CODE_SIGN_STYLE = Automatic;
				CURRENT_PROJECT_VERSION = 1;
				GENERATE_INFOPLIST_FILE = YES;
				MARKETING_VERSION = 1.0;
				PRODUCT_BUNDLE_IDENTIFIER = NIBM.campusNavigationAppUITests;
				PRODUCT_NAME = "$(TARGET_NAME)";
				SWIFT_EMIT_LOC_STRINGS = NO;
				SWIFT_VERSION = 5.0;
				TARGETED_DEVICE_FAMILY = "1,2";
				TEST_TARGET_NAME = campusNavigationApp;
			};
			name = Debug;
		};
		2FC7F1812DF1CA3700A3C50F /* Release */ = {
			isa = XCBuildConfiguration;
			buildSettings = {
				CODE_SIGN_STYLE = Automatic;
				CURRENT_PROJECT_VERSION = 1;
				GENERATE_INFOPLIST_FILE = YES;
				MARKETING_VERSION = 1.0;
				PRODUCT_BUNDLE_IDENTIFIER = NIBM.campusNavigationAppUITests;
				PRODUCT_NAME = "$(TARGET_NAME)";
				SWIFT_EMIT_LOC_STRINGS = NO;
				SWIFT_VERSION = 5.0;
				TARGETED_DEVICE_FAMILY = "1,2";
				TEST_TARGET_NAME = campusNavigationApp;
			};
			name = Release;
		};
/* End XCBuildConfiguration section */

/* Begin XCConfigurationList section */
		2FC7F1532DF1CA3600A3C50F /* Build configuration list for PBXProject "campusNavigationApp" */ = {
			isa = XCConfigurationList;
			buildConfigurations = (
				2FC7F1772DF1CA3700A3C50F /* Debug */,
				2FC7F1782DF1CA3700A3C50F /* Release */,
			);
			defaultConfigurationIsVisible = 0;
			defaultConfigurationName = Release;
		};
		2FC7F1792DF1CA3700A3C50F /* Build configuration list for PBXNativeTarget "campusNavigationApp" */ = {
			isa = XCConfigurationList;
			buildConfigurations = (
				2FC7F17A2DF1CA3700A3C50F /* Debug */,
				2FC7F17B2DF1CA3700A3C50F /* Release */,
			);
			defaultConfigurationIsVisible = 0;
			defaultConfigurationName = Release;
		};
		2FC7F17C2DF1CA3700A3C50F /* Build configuration list for PBXNativeTarget "campusNavigationAppTests" */ = {
			isa = XCConfigurationList;
			buildConfigurations = (
				2FC7F17D2DF1CA3700A3C50F /* Debug */,
				2FC7F17E2DF1CA3700A3C50F /* Release */,
			);
			defaultConfigurationIsVisible = 0;
			defaultConfigurationName = Release;
		};
		2FC7F17F2DF1CA3700A3C50F /* Build configuration list for PBXNativeTarget "campusNavigationAppUITests" */ = {
			isa = XCConfigurationList;
			buildConfigurations = (
				2FC7F1802DF1CA3700A3C50F /* Debug */,
				2FC7F1812DF1CA3700A3C50F /* Release */,
			);
			defaultConfigurationIsVisible = 0;
			defaultConfigurationName = Release;
		};
/* End XCConfigurationList section */
	};
	rootObject = 2FC7F1502DF1CA3600A3C50F /* Project object */;
}
